// !$*UTF8*$!
{
	archiveVersion = 1;
	classes = {
	};
	objectVersion = 46;
	objects = {

/* Begin PBXBuildFile section */
		552FC46616F39AB5000E73BA /* icon.icns in Resources */ = {isa = PBXBuildFile; fileRef = 552FC46516F39AB5000E73BA /* icon.icns */; };
		850B1A5916A61F9900619C3C /* libObjective-Zip.a in Frameworks */ = {isa = PBXBuildFile; fileRef = 850B1A5816A61F9900619C3C /* libObjective-Zip.a */; };
		850B1A5B16A61FB900619C3C /* ePub3.dylib in Frameworks */ = {isa = PBXBuildFile; fileRef = 850B1A5A16A61FB900619C3C /* ePub3.dylib */; };
		850B1A9016A631E800619C3C /* LOXUtil.mm in Sources */ = {isa = PBXBuildFile; fileRef = 850B1A8D16A631E800619C3C /* LOXUtil.mm */; };
		850B1A9116A631E800619C3C /* LOXZipHelper.mm in Sources */ = {isa = PBXBuildFile; fileRef = 850B1A8F16A631E800619C3C /* LOXZipHelper.mm */; };
		850B1A9716A6320200619C3C /* LOXSpineViewController.mm in Sources */ = {isa = PBXBuildFile; fileRef = 850B1A9416A6320200619C3C /* LOXSpineViewController.mm */; };
		850B1A9816A6320200619C3C /* LOXWebViewController.mm in Sources */ = {isa = PBXBuildFile; fileRef = 850B1A9616A6320200619C3C /* LOXWebViewController.mm */; };
		855CFDB61696200B00AD311E /* WebKit.framework in Frameworks */ = {isa = PBXBuildFile; fileRef = 855CFDB51696200B00AD311E /* WebKit.framework */; };
		855CFE4B169B912300AD311E /* LOXePubSdkApi.mm in Sources */ = {isa = PBXBuildFile; fileRef = 855CFE4A169B912300AD311E /* LOXePubSdkApi.mm */; };
		855CFEE8169DFA3E00AD311E /* libz.dylib in Frameworks */ = {isa = PBXBuildFile; fileRef = 855CFEE7169DFA3D00AD311E /* libz.dylib */; };
		856354F716DE7C3A009DA283 /* BookmarkDlg.xib in Resources */ = {isa = PBXBuildFile; fileRef = 856354F616DE7C3A009DA283 /* BookmarkDlg.xib */; };
		856354FA16DEB3AF009DA283 /* LOXBookmarkEditController.m in Sources */ = {isa = PBXBuildFile; fileRef = 856354F916DEB3AF009DA283 /* LOXBookmarkEditController.m */; };
		85739532172AE0280071B66C /* ePub3.dylib in CopyFiles */ = {isa = PBXBuildFile; fileRef = 558E562E16EF859800FCF273 /* ePub3.dylib */; };
		8578F14A16D4095F003914EB /* Model.xcdatamodeld in Sources */ = {isa = PBXBuildFile; fileRef = 8578F14816D4095F003914EB /* Model.xcdatamodeld */; };
		8597D61216824655000FAAAF /* Cocoa.framework in Frameworks */ = {isa = PBXBuildFile; fileRef = 8597D61116824655000FAAAF /* Cocoa.framework */; };
		8597D61C16824655000FAAAF /* InfoPlist.strings in Resources */ = {isa = PBXBuildFile; fileRef = 8597D61A16824655000FAAAF /* InfoPlist.strings */; };
		8597D61E16824655000FAAAF /* main.m in Sources */ = {isa = PBXBuildFile; fileRef = 8597D61D16824655000FAAAF /* main.m */; };
		8597D62216824655000FAAAF /* Credits.rtf in Resources */ = {isa = PBXBuildFile; fileRef = 8597D62016824655000FAAAF /* Credits.rtf */; };
		8597D62516824655000FAAAF /* LOXAppDelegate.mm in Sources */ = {isa = PBXBuildFile; fileRef = 8597D62416824655000FAAAF /* LOXAppDelegate.mm */; };
		8597D62816824656000FAAAF /* MainMenu.xib in Resources */ = {isa = PBXBuildFile; fileRef = 8597D62616824656000FAAAF /* MainMenu.xib */; };
		85F74E6016C3296400D29953 /* LOXScriptInjector.m in Sources */ = {isa = PBXBuildFile; fileRef = 85F74E5F16C3296400D29953 /* LOXScriptInjector.m */; };
		85F74E6316C32A9900D29953 /* LOXPageNumberTextController.mm in Sources */ = {isa = PBXBuildFile; fileRef = 85F74E6216C32A9900D29953 /* LOXPageNumberTextController.mm */; };
		85F74E6516C32B0F00D29953 /* Scripts in Resources */ = {isa = PBXBuildFile; fileRef = 85F74E6416C32B0F00D29953 /* Scripts */; };
		AD8C8393EDA98F7F9606F276 /* LOXUserData.mm in Sources */ = {isa = PBXBuildFile; fileRef = AD8C842F70081FB730F15DFC /* LOXUserData.mm */; };
		AD8C8489BFE9EF51568CC65D /* CoreData.framework in Frameworks */ = {isa = PBXBuildFile; fileRef = AD8C8579F49901F4DF1AEECE /* CoreData.framework */; };
		AD8C8661AD73F6BC538B34AB /* LOXTocView.m in Sources */ = {isa = PBXBuildFile; fileRef = AD8C821D3AEC654EFB843790 /* LOXTocView.m */; };
		AD8C8673800C23241F4580E5 /* LOXBook.mm in Sources */ = {isa = PBXBuildFile; fileRef = AD8C8280F38E9B894E512240 /* LOXBook.mm */; };
		AD8C88181150EF3F56F98CF6 /* LOXToc.mm in Sources */ = {isa = PBXBuildFile; fileRef = AD8C89FC764D79D48CE677C6 /* LOXToc.mm */; };
		AD8C89E6EDC52FCF3247DDE2 /* LOXTocViewController.mm in Sources */ = {isa = PBXBuildFile; fileRef = AD8C84A9A8317F4A33CF8E3F /* LOXTocViewController.mm */; };
		AD8C8B777241C74E9F43FBC1 /* LOXTocEntry.m in Sources */ = {isa = PBXBuildFile; fileRef = AD8C874F5D988F316B2F82AC /* LOXTocEntry.m */; };
		AD8C8D0C7929CFD9F068D423 /* LOXBookmarksController.mm in Sources */ = {isa = PBXBuildFile; fileRef = AD8C8D529AEBFEB697DDD1A6 /* LOXBookmarksController.mm */; };
		AD8C8DEDA920FC142B70BEFD /* LOXTemporaryFileStorage.m in Sources */ = {isa = PBXBuildFile; fileRef = AD8C844D86553834F8FA6218 /* LOXTemporaryFileStorage.m */; };
		AD8C8E1A55DF37104794CB0B /* LOXBookmark.mm in Sources */ = {isa = PBXBuildFile; fileRef = AD8C88680CC24FB32FFF24CF /* LOXBookmark.mm */; };
		AD8C8FBE76DB2FF1310CB0F7 /* LOXSpineItem.mm in Sources */ = {isa = PBXBuildFile; fileRef = AD8C888D32C974E22AB2A950 /* LOXSpineItem.mm */; };
/* End PBXBuildFile section */

/* Begin PBXContainerItemProxy section */
		558E562D16EF859800FCF273 /* PBXContainerItemProxy */ = {
			isa = PBXContainerItemProxy;
			containerPortal = 558E562716EF859800FCF273 /* ePub3.xcodeproj */;
			proxyType = 2;
			remoteGlobalIDString = ABA72C241655382E003125FF;
			remoteInfo = ePub3;
		};
		558E562F16EF859800FCF273 /* PBXContainerItemProxy */ = {
			isa = PBXContainerItemProxy;
			containerPortal = 558E562716EF859800FCF273 /* ePub3.xcodeproj */;
			proxyType = 2;
			remoteGlobalIDString = ABA4BAE016ADF5A600161B77;
			remoteInfo = "ePub3-iOS";
		};
		558E563116EF859800FCF273 /* PBXContainerItemProxy */ = {
			isa = PBXContainerItemProxy;
			containerPortal = 558E562716EF859800FCF273 /* ePub3.xcodeproj */;
			proxyType = 2;
			remoteGlobalIDString = AB61CE4A1694845700299BB1;
			remoteInfo = UnitTests;
		};
		8573953F172ED4880071B66C /* PBXContainerItemProxy */ = {
			isa = PBXContainerItemProxy;
			containerPortal = 558E562716EF859800FCF273 /* ePub3.xcodeproj */;
			proxyType = 1;
			remoteGlobalIDString = ABA72C231655382E003125FF;
			remoteInfo = ePub3;
		};
/* End PBXContainerItemProxy section */

/* Begin PBXCopyFilesBuildPhase section */
		8573952E172ADFD00071B66C /* CopyFiles */ = {
			isa = PBXCopyFilesBuildPhase;
			buildActionMask = 2147483647;
			dstPath = "";
			dstSubfolderSpec = 10;
			files = (
				85739532172AE0280071B66C /* ePub3.dylib in CopyFiles */,
			);
			runOnlyForDeploymentPostprocessing = 0;
		};
/* End PBXCopyFilesBuildPhase section */

/* Begin PBXFileReference section */
		552FC46516F39AB5000E73BA /* icon.icns */ = {isa = PBXFileReference; lastKnownFileType = image.icns; path = icon.icns; sourceTree = "<group>"; };
		558E562716EF859800FCF273 /* ePub3.xcodeproj */ = {isa = PBXFileReference; lastKnownFileType = "wrapper.pb-project"; name = ePub3.xcodeproj; path = "readium-sdk/Platform/Apple/ePub3.xcodeproj"; sourceTree = "<group>"; };
		850B1A5816A61F9900619C3C /* libObjective-Zip.a */ = {isa = PBXFileReference; lastKnownFileType = archive.ar; path = "libObjective-Zip.a"; sourceTree = BUILT_PRODUCTS_DIR; };
		850B1A5A16A61FB900619C3C /* ePub3.dylib */ = {isa = PBXFileReference; lastKnownFileType = "compiled.mach-o.dylib"; path = ePub3.dylib; sourceTree = BUILT_PRODUCTS_DIR; };
		850B1A8C16A631E800619C3C /* LOXUtil.h */ = {isa = PBXFileReference; fileEncoding = 4; lastKnownFileType = sourcecode.c.h; path = LOXUtil.h; sourceTree = "<group>"; };
		850B1A8D16A631E800619C3C /* LOXUtil.mm */ = {isa = PBXFileReference; fileEncoding = 4; lastKnownFileType = sourcecode.cpp.objcpp; path = LOXUtil.mm; sourceTree = "<group>"; };
		850B1A8E16A631E800619C3C /* LOXZipHelper.h */ = {isa = PBXFileReference; fileEncoding = 4; lastKnownFileType = sourcecode.c.h; path = LOXZipHelper.h; sourceTree = "<group>"; };
		850B1A8F16A631E800619C3C /* LOXZipHelper.mm */ = {isa = PBXFileReference; fileEncoding = 4; lastKnownFileType = sourcecode.cpp.objcpp; path = LOXZipHelper.mm; sourceTree = "<group>"; };
		850B1A9316A6320200619C3C /* LOXSpineViewController.h */ = {isa = PBXFileReference; fileEncoding = 4; lastKnownFileType = sourcecode.c.h; path = LOXSpineViewController.h; sourceTree = "<group>"; };
		850B1A9416A6320200619C3C /* LOXSpineViewController.mm */ = {isa = PBXFileReference; fileEncoding = 4; lastKnownFileType = sourcecode.cpp.objcpp; path = LOXSpineViewController.mm; sourceTree = "<group>"; };
		850B1A9516A6320200619C3C /* LOXWebViewController.h */ = {isa = PBXFileReference; fileEncoding = 4; lastKnownFileType = sourcecode.c.h; path = LOXWebViewController.h; sourceTree = "<group>"; };
		850B1A9616A6320200619C3C /* LOXWebViewController.mm */ = {isa = PBXFileReference; fileEncoding = 4; lastKnownFileType = sourcecode.cpp.objcpp; path = LOXWebViewController.mm; sourceTree = "<group>"; };
		855CFDB51696200B00AD311E /* WebKit.framework */ = {isa = PBXFileReference; lastKnownFileType = wrapper.framework; name = WebKit.framework; path = System/Library/Frameworks/WebKit.framework; sourceTree = SDKROOT; };
		855CFE49169B912300AD311E /* LOXePubSdkApi.h */ = {isa = PBXFileReference; fileEncoding = 4; lastKnownFileType = sourcecode.c.h; path = LOXePubSdkApi.h; sourceTree = "<group>"; };
		855CFE4A169B912300AD311E /* LOXePubSdkApi.mm */ = {isa = PBXFileReference; fileEncoding = 4; lastKnownFileType = sourcecode.cpp.objcpp; path = LOXePubSdkApi.mm; sourceTree = "<group>"; };
		855CFEE7169DFA3D00AD311E /* libz.dylib */ = {isa = PBXFileReference; lastKnownFileType = "compiled.mach-o.dylib"; name = libz.dylib; path = usr/lib/libz.dylib; sourceTree = SDKROOT; };
		856354F616DE7C3A009DA283 /* BookmarkDlg.xib */ = {isa = PBXFileReference; fileEncoding = 4; lastKnownFileType = file.xib; path = BookmarkDlg.xib; sourceTree = "<group>"; };
		856354F816DEB3AE009DA283 /* LOXBookmarkEditController.h */ = {isa = PBXFileReference; fileEncoding = 4; lastKnownFileType = sourcecode.c.h; path = LOXBookmarkEditController.h; sourceTree = "<group>"; };
		856354F916DEB3AF009DA283 /* LOXBookmarkEditController.m */ = {isa = PBXFileReference; fileEncoding = 4; lastKnownFileType = sourcecode.c.objc; path = LOXBookmarkEditController.m; sourceTree = "<group>"; };
		8578F14916D4095F003914EB /* Model.xcdatamodel */ = {isa = PBXFileReference; lastKnownFileType = wrapper.xcdatamodel; path = Model.xcdatamodel; sourceTree = "<group>"; };
		8597D60D16824655000FAAAF /* LauncherOSX.app */ = {isa = PBXFileReference; explicitFileType = wrapper.application; includeInIndex = 0; path = LauncherOSX.app; sourceTree = BUILT_PRODUCTS_DIR; };
		8597D61116824655000FAAAF /* Cocoa.framework */ = {isa = PBXFileReference; lastKnownFileType = wrapper.framework; name = Cocoa.framework; path = System/Library/Frameworks/Cocoa.framework; sourceTree = SDKROOT; };
		8597D61416824655000FAAAF /* AppKit.framework */ = {isa = PBXFileReference; lastKnownFileType = wrapper.framework; name = AppKit.framework; path = System/Library/Frameworks/AppKit.framework; sourceTree = SDKROOT; };
		8597D61516824655000FAAAF /* CoreData.framework */ = {isa = PBXFileReference; lastKnownFileType = wrapper.framework; name = CoreData.framework; path = System/Library/Frameworks/CoreData.framework; sourceTree = SDKROOT; };
		8597D61616824655000FAAAF /* Foundation.framework */ = {isa = PBXFileReference; lastKnownFileType = wrapper.framework; name = Foundation.framework; path = System/Library/Frameworks/Foundation.framework; sourceTree = SDKROOT; };
		8597D61916824655000FAAAF /* LauncherOSX-Info.plist */ = {isa = PBXFileReference; lastKnownFileType = text.plist.xml; path = "LauncherOSX-Info.plist"; sourceTree = "<group>"; };
		8597D61B16824655000FAAAF /* en */ = {isa = PBXFileReference; lastKnownFileType = text.plist.strings; name = en; path = en.lproj/InfoPlist.strings; sourceTree = "<group>"; };
		8597D61D16824655000FAAAF /* main.m */ = {isa = PBXFileReference; lastKnownFileType = sourcecode.c.objc; path = main.m; sourceTree = "<group>"; };
		8597D61F16824655000FAAAF /* LauncherOSX-Prefix.pch */ = {isa = PBXFileReference; lastKnownFileType = sourcecode.c.h; path = "LauncherOSX-Prefix.pch"; sourceTree = "<group>"; };
		8597D62116824655000FAAAF /* en */ = {isa = PBXFileReference; lastKnownFileType = text.rtf; name = en; path = en.lproj/Credits.rtf; sourceTree = "<group>"; };
		8597D62316824655000FAAAF /* LOXAppDelegate.h */ = {isa = PBXFileReference; lastKnownFileType = sourcecode.c.h; path = LOXAppDelegate.h; sourceTree = "<group>"; };
		8597D62416824655000FAAAF /* LOXAppDelegate.mm */ = {isa = PBXFileReference; lastKnownFileType = sourcecode.cpp.objcpp; path = LOXAppDelegate.mm; sourceTree = "<group>"; };
		8597D62716824656000FAAAF /* en */ = {isa = PBXFileReference; lastKnownFileType = file.xib; name = en; path = en.lproj/MainMenu.xib; sourceTree = "<group>"; };
		85F74E5E16C3296400D29953 /* LOXScriptInjector.h */ = {isa = PBXFileReference; fileEncoding = 4; lastKnownFileType = sourcecode.c.h; path = LOXScriptInjector.h; sourceTree = "<group>"; };
		85F74E5F16C3296400D29953 /* LOXScriptInjector.m */ = {isa = PBXFileReference; fileEncoding = 4; lastKnownFileType = sourcecode.c.objc; path = LOXScriptInjector.m; sourceTree = "<group>"; };
		85F74E6116C32A9900D29953 /* LOXPageNumberTextController.h */ = {isa = PBXFileReference; fileEncoding = 4; lastKnownFileType = sourcecode.c.h; path = LOXPageNumberTextController.h; sourceTree = "<group>"; };
		85F74E6216C32A9900D29953 /* LOXPageNumberTextController.mm */ = {isa = PBXFileReference; fileEncoding = 4; lastKnownFileType = sourcecode.cpp.objcpp; path = LOXPageNumberTextController.mm; sourceTree = "<group>"; };
		85F74E6416C32B0F00D29953 /* Scripts */ = {isa = PBXFileReference; lastKnownFileType = folder; path = Scripts; sourceTree = "<group>"; };
		AD8C80D1982D46C86A4BEB37 /* LOXTemporaryFileStorage.h */ = {isa = PBXFileReference; fileEncoding = 4; lastKnownFileType = sourcecode.c.h; path = LOXTemporaryFileStorage.h; sourceTree = "<group>"; };
		AD8C80DFC213AC00E000BD2C /* LOXTocView.h */ = {isa = PBXFileReference; fileEncoding = 4; lastKnownFileType = sourcecode.c.h; path = LOXTocView.h; sourceTree = "<group>"; };
		AD8C821D3AEC654EFB843790 /* LOXTocView.m */ = {isa = PBXFileReference; fileEncoding = 4; lastKnownFileType = sourcecode.c.objc; path = LOXTocView.m; sourceTree = "<group>"; };
		AD8C8280F38E9B894E512240 /* LOXBook.mm */ = {isa = PBXFileReference; fileEncoding = 4; lastKnownFileType = sourcecode.cpp.objcpp; path = LOXBook.mm; sourceTree = "<group>"; };
		AD8C83A9144B9D7D511B15B2 /* LOXTocEntry.h */ = {isa = PBXFileReference; fileEncoding = 4; lastKnownFileType = sourcecode.c.h; path = LOXTocEntry.h; sourceTree = "<group>"; };
		AD8C842F70081FB730F15DFC /* LOXUserData.mm */ = {isa = PBXFileReference; fileEncoding = 4; lastKnownFileType = sourcecode.cpp.objcpp; path = LOXUserData.mm; sourceTree = "<group>"; };
		AD8C844D86553834F8FA6218 /* LOXTemporaryFileStorage.m */ = {isa = PBXFileReference; fileEncoding = 4; lastKnownFileType = sourcecode.c.objc; path = LOXTemporaryFileStorage.m; sourceTree = "<group>"; };
		AD8C84A9A8317F4A33CF8E3F /* LOXTocViewController.mm */ = {isa = PBXFileReference; fileEncoding = 4; lastKnownFileType = sourcecode.cpp.objcpp; path = LOXTocViewController.mm; sourceTree = "<group>"; };
		AD8C84B7191C8676F84497C7 /* LOXBookmark.h */ = {isa = PBXFileReference; fileEncoding = 4; lastKnownFileType = sourcecode.c.h; path = LOXBookmark.h; sourceTree = "<group>"; };
		AD8C8579F49901F4DF1AEECE /* CoreData.framework */ = {isa = PBXFileReference; lastKnownFileType = wrapper.framework; name = CoreData.framework; path = System/Library/Frameworks/CoreData.framework; sourceTree = SDKROOT; };
		AD8C86BBB399B4D50BC24F17 /* LOXTocViewController.h */ = {isa = PBXFileReference; fileEncoding = 4; lastKnownFileType = sourcecode.c.h; path = LOXTocViewController.h; sourceTree = "<group>"; };
		AD8C874F5D988F316B2F82AC /* LOXTocEntry.m */ = {isa = PBXFileReference; fileEncoding = 4; lastKnownFileType = sourcecode.c.objc; path = LOXTocEntry.m; sourceTree = "<group>"; };
		AD8C88680CC24FB32FFF24CF /* LOXBookmark.mm */ = {isa = PBXFileReference; fileEncoding = 4; lastKnownFileType = sourcecode.cpp.objcpp; path = LOXBookmark.mm; sourceTree = "<group>"; };
		AD8C888D32C974E22AB2A950 /* LOXSpineItem.mm */ = {isa = PBXFileReference; fileEncoding = 4; lastKnownFileType = sourcecode.cpp.objcpp; path = LOXSpineItem.mm; sourceTree = "<group>"; };
		AD8C89FC764D79D48CE677C6 /* LOXToc.mm */ = {isa = PBXFileReference; fileEncoding = 4; lastKnownFileType = sourcecode.cpp.objcpp; path = LOXToc.mm; sourceTree = "<group>"; };
		AD8C8A53F2B1C8142438D931 /* LOXToc.h */ = {isa = PBXFileReference; fileEncoding = 4; lastKnownFileType = sourcecode.c.h; path = LOXToc.h; sourceTree = "<group>"; };
		AD8C8B4CD982720FECC376AC /* LOXUserData.h */ = {isa = PBXFileReference; fileEncoding = 4; lastKnownFileType = sourcecode.c.h; path = LOXUserData.h; sourceTree = "<group>"; };
		AD8C8BD5C407A1352816C2FF /* LOXSpineItem.h */ = {isa = PBXFileReference; fileEncoding = 4; lastKnownFileType = sourcecode.c.h; path = LOXSpineItem.h; sourceTree = "<group>"; };
		AD8C8D529AEBFEB697DDD1A6 /* LOXBookmarksController.mm */ = {isa = PBXFileReference; fileEncoding = 4; lastKnownFileType = sourcecode.cpp.objcpp; path = LOXBookmarksController.mm; sourceTree = "<group>"; };
		AD8C8E33A0F3BD66E84F1248 /* LOXBook.h */ = {isa = PBXFileReference; fileEncoding = 4; lastKnownFileType = sourcecode.c.h; path = LOXBook.h; sourceTree = "<group>"; };
		AD8C8FBED8EFF09E6381C68F /* LOXBookmarksController.h */ = {isa = PBXFileReference; fileEncoding = 4; lastKnownFileType = sourcecode.c.h; path = LOXBookmarksController.h; sourceTree = "<group>"; };
/* End PBXFileReference section */

/* Begin PBXFrameworksBuildPhase section */
		8597D60A16824655000FAAAF /* Frameworks */ = {
			isa = PBXFrameworksBuildPhase;
			buildActionMask = 2147483647;
			files = (
				850B1A5B16A61FB900619C3C /* ePub3.dylib in Frameworks */,
				850B1A5916A61F9900619C3C /* libObjective-Zip.a in Frameworks */,
				855CFEE8169DFA3E00AD311E /* libz.dylib in Frameworks */,
				855CFDB61696200B00AD311E /* WebKit.framework in Frameworks */,
				8597D61216824655000FAAAF /* Cocoa.framework in Frameworks */,
				AD8C8489BFE9EF51568CC65D /* CoreData.framework in Frameworks */,
			);
			runOnlyForDeploymentPostprocessing = 0;
		};
/* End PBXFrameworksBuildPhase section */

/* Begin PBXGroup section */
		552FC46A16F39AD0000E73BA /* Resources */ = {
			isa = PBXGroup;
			children = (
				552FC46516F39AB5000E73BA /* icon.icns */,
			);
			name = Resources;
			sourceTree = "<group>";
		};
		558E562816EF859800FCF273 /* Products */ = {
			isa = PBXGroup;
			children = (
				558E562E16EF859800FCF273 /* ePub3.dylib */,
				558E563016EF859800FCF273 /* libePub3-iOS.a */,
				558E563216EF859800FCF273 /* UnitTests */,
			);
			name = Products;
			sourceTree = "<group>";
		};
		8597D60216824655000FAAAF = {
			isa = PBXGroup;
			children = (
				552FC46A16F39AD0000E73BA /* Resources */,
				558E562716EF859800FCF273 /* ePub3.xcodeproj */,
				85F74E6416C32B0F00D29953 /* Scripts */,
				850B1A5A16A61FB900619C3C /* ePub3.dylib */,
				850B1A5816A61F9900619C3C /* libObjective-Zip.a */,
				855CFEE7169DFA3D00AD311E /* libz.dylib */,
				855CFDB51696200B00AD311E /* WebKit.framework */,
				8597D61716824655000FAAAF /* LauncherOSX */,
				8597D61016824655000FAAAF /* Frameworks */,
				8597D60E16824655000FAAAF /* Products */,
			);
			sourceTree = "<group>";
		};
		8597D60E16824655000FAAAF /* Products */ = {
			isa = PBXGroup;
			children = (
				8597D60D16824655000FAAAF /* LauncherOSX.app */,
			);
			name = Products;
			sourceTree = "<group>";
		};
		8597D61016824655000FAAAF /* Frameworks */ = {
			isa = PBXGroup;
			children = (
				8597D61116824655000FAAAF /* Cocoa.framework */,
				8597D61316824655000FAAAF /* Other Frameworks */,
				AD8C8579F49901F4DF1AEECE /* CoreData.framework */,
			);
			name = Frameworks;
			sourceTree = "<group>";
		};
		8597D61316824655000FAAAF /* Other Frameworks */ = {
			isa = PBXGroup;
			children = (
				8597D61416824655000FAAAF /* AppKit.framework */,
				8597D61516824655000FAAAF /* CoreData.framework */,
				8597D61616824655000FAAAF /* Foundation.framework */,
			);
			name = "Other Frameworks";
			sourceTree = "<group>";
		};
		8597D61716824655000FAAAF /* LauncherOSX */ = {
			isa = PBXGroup;
			children = (
				AD8C8352A678DFED6EB3CEBF /* Model */,
				AD8C8C165CD8EBCC0E30AE2F /* ePubSdkApi */,
				8597D62316824655000FAAAF /* LOXAppDelegate.h */,
				8597D62416824655000FAAAF /* LOXAppDelegate.mm */,
				8597D62616824656000FAAAF /* MainMenu.xib */,
				856354F616DE7C3A009DA283 /* BookmarkDlg.xib */,
				8597D61816824655000FAAAF /* Supporting Files */,
				AD8C835D54F353C175EF63D8 /* Utils */,
				AD8C872729A8092A25A2BAE4 /* ViewControllers */,
				AD8C845FB63B644105903B79 /* Views */,
			);
			path = LauncherOSX;
			sourceTree = "<group>";
		};
		8597D61816824655000FAAAF /* Supporting Files */ = {
			isa = PBXGroup;
			children = (
				8597D61916824655000FAAAF /* LauncherOSX-Info.plist */,
				8597D61A16824655000FAAAF /* InfoPlist.strings */,
				8597D61D16824655000FAAAF /* main.m */,
				8597D61F16824655000FAAAF /* LauncherOSX-Prefix.pch */,
				8597D62016824655000FAAAF /* Credits.rtf */,
				8578F14816D4095F003914EB /* Model.xcdatamodeld */,
			);
			name = "Supporting Files";
			sourceTree = "<group>";
		};
		AD8C8352A678DFED6EB3CEBF /* Model */ = {
			isa = PBXGroup;
			children = (
				AD8C84B7191C8676F84497C7 /* LOXBookmark.h */,
				AD8C88680CC24FB32FFF24CF /* LOXBookmark.mm */,
				AD8C8E33A0F3BD66E84F1248 /* LOXBook.h */,
				AD8C8280F38E9B894E512240 /* LOXBook.mm */,
				AD8C842F70081FB730F15DFC /* LOXUserData.mm */,
				AD8C8B4CD982720FECC376AC /* LOXUserData.h */,
				AD8C874F5D988F316B2F82AC /* LOXTocEntry.m */,
				AD8C8A53F2B1C8142438D931 /* LOXToc.h */,
				AD8C83A9144B9D7D511B15B2 /* LOXTocEntry.h */,
				AD8C8BD5C407A1352816C2FF /* LOXSpineItem.h */,
				AD8C89FC764D79D48CE677C6 /* LOXToc.mm */,
				AD8C888D32C974E22AB2A950 /* LOXSpineItem.mm */,
			);
			name = Model;
			sourceTree = "<group>";
		};
		AD8C835D54F353C175EF63D8 /* Utils */ = {
			isa = PBXGroup;
			children = (
				85F74E5E16C3296400D29953 /* LOXScriptInjector.h */,
				85F74E5F16C3296400D29953 /* LOXScriptInjector.m */,
				850B1A8C16A631E800619C3C /* LOXUtil.h */,
				850B1A8D16A631E800619C3C /* LOXUtil.mm */,
				850B1A8E16A631E800619C3C /* LOXZipHelper.h */,
				850B1A8F16A631E800619C3C /* LOXZipHelper.mm */,
				AD8C844D86553834F8FA6218 /* LOXTemporaryFileStorage.m */,
				AD8C80D1982D46C86A4BEB37 /* LOXTemporaryFileStorage.h */,
			);
			name = Utils;
			sourceTree = "<group>";
		};
		AD8C845FB63B644105903B79 /* Views */ = {
			isa = PBXGroup;
			children = (
				AD8C821D3AEC654EFB843790 /* LOXTocView.m */,
				AD8C80DFC213AC00E000BD2C /* LOXTocView.h */,
			);
			name = Views;
			sourceTree = "<group>";
		};
		AD8C872729A8092A25A2BAE4 /* ViewControllers */ = {
			isa = PBXGroup;
			children = (
				85F74E6116C32A9900D29953 /* LOXPageNumberTextController.h */,
				85F74E6216C32A9900D29953 /* LOXPageNumberTextController.mm */,
				850B1A9316A6320200619C3C /* LOXSpineViewController.h */,
				850B1A9416A6320200619C3C /* LOXSpineViewController.mm */,
				850B1A9516A6320200619C3C /* LOXWebViewController.h */,
				850B1A9616A6320200619C3C /* LOXWebViewController.mm */,
				AD8C8D529AEBFEB697DDD1A6 /* LOXBookmarksController.mm */,
				AD8C8FBED8EFF09E6381C68F /* LOXBookmarksController.h */,
				856354F816DEB3AE009DA283 /* LOXBookmarkEditController.h */,
				856354F916DEB3AF009DA283 /* LOXBookmarkEditController.m */,
				AD8C84A9A8317F4A33CF8E3F /* LOXTocViewController.mm */,
				AD8C86BBB399B4D50BC24F17 /* LOXTocViewController.h */,
			);
			name = ViewControllers;
			sourceTree = "<group>";
		};
		AD8C8C165CD8EBCC0E30AE2F /* ePubSdkApi */ = {
			isa = PBXGroup;
			children = (
				855CFE49169B912300AD311E /* LOXePubSdkApi.h */,
				855CFE4A169B912300AD311E /* LOXePubSdkApi.mm */,
			);
			name = ePubSdkApi;
			sourceTree = "<group>";
		};
/* End PBXGroup section */

/* Begin PBXNativeTarget section */
		8597D60C16824655000FAAAF /* LauncherOSX */ = {
			isa = PBXNativeTarget;
			buildConfigurationList = 8597D62B16824656000FAAAF /* Build configuration list for PBXNativeTarget "LauncherOSX" */;
			buildPhases = (
				8573953B172ED0F60071B66C /* ShellScript */,
				8597D60916824655000FAAAF /* Sources */,
				8597D60A16824655000FAAAF /* Frameworks */,
				8597D60B16824655000FAAAF /* Resources */,
				8573952E172ADFD00071B66C /* CopyFiles */,
			);
			buildRules = (
			);
			dependencies = (
				85739540172ED4880071B66C /* PBXTargetDependency */,
			);
			name = LauncherOSX;
			productName = LauncherOSX;
			productReference = 8597D60D16824655000FAAAF /* LauncherOSX.app */;
			productType = "com.apple.product-type.application";
		};
/* End PBXNativeTarget section */

/* Begin PBXProject section */
		8597D60416824655000FAAAF /* Project object */ = {
			isa = PBXProject;
			attributes = {
				LastUpgradeCheck = 0450;
				ORGANIZATIONNAME = "Boris Schneiderman";
			};
			buildConfigurationList = 8597D60716824655000FAAAF /* Build configuration list for PBXProject "LauncherOSX" */;
			compatibilityVersion = "Xcode 3.2";
			developmentRegion = English;
			hasScannedForEncodings = 0;
			knownRegions = (
				en,
			);
			mainGroup = 8597D60216824655000FAAAF;
			productRefGroup = 8597D60E16824655000FAAAF /* Products */;
			projectDirPath = "";
			projectReferences = (
				{
					ProductGroup = 558E562816EF859800FCF273 /* Products */;
					ProjectRef = 558E562716EF859800FCF273 /* ePub3.xcodeproj */;
				},
			);
			projectRoot = "";
			targets = (
				8597D60C16824655000FAAAF /* LauncherOSX */,
			);
		};
/* End PBXProject section */

/* Begin PBXReferenceProxy section */
		558E562E16EF859800FCF273 /* ePub3.dylib */ = {
			isa = PBXReferenceProxy;
			fileType = "compiled.mach-o.dylib";
			path = ePub3.dylib;
			remoteRef = 558E562D16EF859800FCF273 /* PBXContainerItemProxy */;
			sourceTree = BUILT_PRODUCTS_DIR;
		};
		558E563016EF859800FCF273 /* libePub3-iOS.a */ = {
			isa = PBXReferenceProxy;
			fileType = archive.ar;
			path = "libePub3-iOS.a";
			remoteRef = 558E562F16EF859800FCF273 /* PBXContainerItemProxy */;
			sourceTree = BUILT_PRODUCTS_DIR;
		};
		558E563216EF859800FCF273 /* UnitTests */ = {
			isa = PBXReferenceProxy;
			fileType = "compiled.mach-o.executable";
			path = UnitTests;
			remoteRef = 558E563116EF859800FCF273 /* PBXContainerItemProxy */;
			sourceTree = BUILT_PRODUCTS_DIR;
		};
/* End PBXReferenceProxy section */

/* Begin PBXResourcesBuildPhase section */
		8597D60B16824655000FAAAF /* Resources */ = {
			isa = PBXResourcesBuildPhase;
			buildActionMask = 2147483647;
			files = (
				8597D61C16824655000FAAAF /* InfoPlist.strings in Resources */,
				8597D62216824655000FAAAF /* Credits.rtf in Resources */,
				8597D62816824656000FAAAF /* MainMenu.xib in Resources */,
				85F74E6516C32B0F00D29953 /* Scripts in Resources */,
				856354F716DE7C3A009DA283 /* BookmarkDlg.xib in Resources */,
				552FC46616F39AB5000E73BA /* icon.icns in Resources */,
			);
			runOnlyForDeploymentPostprocessing = 0;
		};
/* End PBXResourcesBuildPhase section */

/* Begin PBXShellScriptBuildPhase section */
		8573953B172ED0F60071B66C /* ShellScript */ = {
			isa = PBXShellScriptBuildPhase;
			buildActionMask = 2147483647;
			files = (
			);
			inputPaths = (
				"",
			);
			outputPaths = (
			);
			runOnlyForDeploymentPostprocessing = 0;
			shellPath = /bin/sh;
			shellScript = "install_name_tool -id @executable_path/../Frameworks/ePub3.dylib \"$TARGET_BUILD_DIR/ePub3.dylib\"";
		};
/* End PBXShellScriptBuildPhase section */

/* Begin PBXSourcesBuildPhase section */
		8597D60916824655000FAAAF /* Sources */ = {
			isa = PBXSourcesBuildPhase;
			buildActionMask = 2147483647;
			files = (
				8597D61E16824655000FAAAF /* main.m in Sources */,
				8597D62516824655000FAAAF /* LOXAppDelegate.mm in Sources */,
				855CFE4B169B912300AD311E /* LOXePubSdkApi.mm in Sources */,
				850B1A9016A631E800619C3C /* LOXUtil.mm in Sources */,
				850B1A9116A631E800619C3C /* LOXZipHelper.mm in Sources */,
				850B1A9716A6320200619C3C /* LOXSpineViewController.mm in Sources */,
				850B1A9816A6320200619C3C /* LOXWebViewController.mm in Sources */,
				AD8C8DEDA920FC142B70BEFD /* LOXTemporaryFileStorage.m in Sources */,
				85F74E6016C3296400D29953 /* LOXScriptInjector.m in Sources */,
				85F74E6316C32A9900D29953 /* LOXPageNumberTextController.mm in Sources */,
				8578F14A16D4095F003914EB /* Model.xcdatamodeld in Sources */,
				AD8C8D0C7929CFD9F068D423 /* LOXBookmarksController.mm in Sources */,
				856354FA16DEB3AF009DA283 /* LOXBookmarkEditController.m in Sources */,
				AD8C89E6EDC52FCF3247DDE2 /* LOXTocViewController.mm in Sources */,
				AD8C8661AD73F6BC538B34AB /* LOXTocView.m in Sources */,
				AD8C8E1A55DF37104794CB0B /* LOXBookmark.mm in Sources */,
				AD8C8673800C23241F4580E5 /* LOXBook.mm in Sources */,
				AD8C8393EDA98F7F9606F276 /* LOXUserData.mm in Sources */,
				AD8C8B777241C74E9F43FBC1 /* LOXTocEntry.m in Sources */,
				AD8C88181150EF3F56F98CF6 /* LOXToc.mm in Sources */,
				AD8C8FBE76DB2FF1310CB0F7 /* LOXSpineItem.mm in Sources */,
			);
			runOnlyForDeploymentPostprocessing = 0;
		};
/* End PBXSourcesBuildPhase section */

/* Begin PBXTargetDependency section */
		85739540172ED4880071B66C /* PBXTargetDependency */ = {
			isa = PBXTargetDependency;
			name = ePub3;
			targetProxy = 8573953F172ED4880071B66C /* PBXContainerItemProxy */;
		};
/* End PBXTargetDependency section */

/* Begin PBXVariantGroup section */
		8597D61A16824655000FAAAF /* InfoPlist.strings */ = {
			isa = PBXVariantGroup;
			children = (
				8597D61B16824655000FAAAF /* en */,
			);
			name = InfoPlist.strings;
			sourceTree = "<group>";
		};
		8597D62016824655000FAAAF /* Credits.rtf */ = {
			isa = PBXVariantGroup;
			children = (
				8597D62116824655000FAAAF /* en */,
			);
			name = Credits.rtf;
			sourceTree = "<group>";
		};
		8597D62616824656000FAAAF /* MainMenu.xib */ = {
			isa = PBXVariantGroup;
			children = (
				8597D62716824656000FAAAF /* en */,
			);
			name = MainMenu.xib;
			sourceTree = "<group>";
		};
/* End PBXVariantGroup section */

/* Begin XCBuildConfiguration section */
		8597D62916824656000FAAAF /* Debug */ = {
			isa = XCBuildConfiguration;
			buildSettings = {
				ALWAYS_SEARCH_USER_PATHS = NO;
				ARCHS = "$(ARCHS_STANDARD_64_BIT)";
				CLANG_CXX_LANGUAGE_STANDARD = "gnu++0x";
				CLANG_CXX_LIBRARY = "libc++";
				CLANG_WARN_EMPTY_BODY = YES;
				CLANG_WARN__DUPLICATE_METHOD_MATCH = YES;
				COPY_PHASE_STRIP = NO;
				GCC_C_LANGUAGE_STANDARD = gnu99;
				GCC_DYNAMIC_NO_PIC = NO;
				GCC_ENABLE_OBJC_EXCEPTIONS = YES;
				GCC_OPTIMIZATION_LEVEL = 0;
				GCC_PREPROCESSOR_DEFINITIONS = (
					"DEBUG=1",
					"$(inherited)",
				);
				GCC_SYMBOLS_PRIVATE_EXTERN = NO;
				GCC_WARN_64_TO_32_BIT_CONVERSION = YES;
				GCC_WARN_ABOUT_RETURN_TYPE = YES;
				GCC_WARN_UNINITIALIZED_AUTOS = YES;
				GCC_WARN_UNUSED_VARIABLE = YES;
				MACOSX_DEPLOYMENT_TARGET = 10.8;
				ONLY_ACTIVE_ARCH = YES;
				SDKROOT = macosx;
			};
			name = Debug;
		};
		8597D62A16824656000FAAAF /* Release */ = {
			isa = XCBuildConfiguration;
			buildSettings = {
				ALWAYS_SEARCH_USER_PATHS = NO;
				ARCHS = "$(ARCHS_STANDARD_64_BIT)";
				CLANG_CXX_LANGUAGE_STANDARD = "gnu++0x";
				CLANG_CXX_LIBRARY = "libc++";
				CLANG_WARN_EMPTY_BODY = YES;
				CLANG_WARN__DUPLICATE_METHOD_MATCH = YES;
				COPY_PHASE_STRIP = YES;
				DEBUG_INFORMATION_FORMAT = "dwarf-with-dsym";
				GCC_C_LANGUAGE_STANDARD = gnu99;
				GCC_ENABLE_OBJC_EXCEPTIONS = YES;
				GCC_WARN_64_TO_32_BIT_CONVERSION = YES;
				GCC_WARN_ABOUT_RETURN_TYPE = YES;
				GCC_WARN_UNINITIALIZED_AUTOS = YES;
				GCC_WARN_UNUSED_VARIABLE = YES;
				MACOSX_DEPLOYMENT_TARGET = 10.8;
				SDKROOT = macosx;
			};
			name = Release;
		};
		8597D62C16824656000FAAAF /* Debug */ = {
			isa = XCBuildConfiguration;
			buildSettings = {
				COMBINE_HIDPI_IMAGES = YES;
				DEBUG_INFORMATION_FORMAT = "dwarf-with-dsym";
				GCC_PRECOMPILE_PREFIX_HEADER = YES;
				GCC_PREFIX_HEADER = "LauncherOSX/LauncherOSX-Prefix.pch";
				HEADER_SEARCH_PATHS = (
					"${SRCROOT}/readium-sdk/Platform/Apple/include",
					/usr/include/libxml2,
					"${SRCROOT}/Objective-Zip/**",
				);
				INFOPLIST_FILE = "LauncherOSX/LauncherOSX-Info.plist";
				PRODUCT_NAME = "$(TARGET_NAME)";
				WRAPPER_EXTENSION = app;
			};
			name = Debug;
		};
		8597D62D16824656000FAAAF /* Release */ = {
			isa = XCBuildConfiguration;
			buildSettings = {
				COMBINE_HIDPI_IMAGES = YES;
				GCC_PRECOMPILE_PREFIX_HEADER = YES;
				GCC_PREFIX_HEADER = "LauncherOSX/LauncherOSX-Prefix.pch";
				HEADER_SEARCH_PATHS = (
					"${SRCROOT}/readium-sdk/Platform/Apple/include",
					/usr/include/libxml2,
					"${SRCROOT}/Objective-Zip/**",
				);
				INFOPLIST_FILE = "LauncherOSX/LauncherOSX-Info.plist";
				PRODUCT_NAME = "$(TARGET_NAME)";
				WRAPPER_EXTENSION = app;
			};
			name = Release;
		};
/* End XCBuildConfiguration section */

/* Begin XCConfigurationList section */
		8597D60716824655000FAAAF /* Build configuration list for PBXProject "LauncherOSX" */ = {
			isa = XCConfigurationList;
			buildConfigurations = (
				8597D62916824656000FAAAF /* Debug */,
				8597D62A16824656000FAAAF /* Release */,
			);
			defaultConfigurationIsVisible = 0;
			defaultConfigurationName = Release;
		};
		8597D62B16824656000FAAAF /* Build configuration list for PBXNativeTarget "LauncherOSX" */ = {
			isa = XCConfigurationList;
			buildConfigurations = (
				8597D62C16824656000FAAAF /* Debug */,
				8597D62D16824656000FAAAF /* Release */,
			);
			defaultConfigurationIsVisible = 0;
			defaultConfigurationName = Release;
		};
/* End XCConfigurationList section */

/* Begin XCVersionGroup section */
		8578F14816D4095F003914EB /* Model.xcdatamodeld */ = {
			isa = XCVersionGroup;
			children = (
				8578F14916D4095F003914EB /* Model.xcdatamodel */,
			);
			currentVersion = 8578F14916D4095F003914EB /* Model.xcdatamodel */;
			path = Model.xcdatamodeld;
			sourceTree = "<group>";
			versionGroupType = wrapper.xcdatamodel;
		};
/* End XCVersionGroup section */
	};
	rootObject = 8597D60416824655000FAAAF /* Project object */;
}
