// !$*UTF8*$!
{
	archiveVersion = 1;
	classes = {
	};
	objectVersion = 46;
	objects = {

/* Begin PBXBuildFile section */
		850B1A5916A61F9900619C3C /* libObjective-Zip.a in Frameworks */ = {isa = PBXBuildFile; fileRef = 850B1A5816A61F9900619C3C /* libObjective-Zip.a */; };
		850B1A5B16A61FB900619C3C /* ePub3.dylib in Frameworks */ = {isa = PBXBuildFile; fileRef = 850B1A5A16A61FB900619C3C /* ePub3.dylib */; };
		850B1A9016A631E800619C3C /* LOXUtil.m in Sources */ = {isa = PBXBuildFile; fileRef = 850B1A8D16A631E800619C3C /* LOXUtil.m */; };
		850B1A9116A631E800619C3C /* LOXZipHelper.m in Sources */ = {isa = PBXBuildFile; fileRef = 850B1A8F16A631E800619C3C /* LOXZipHelper.m */; };
		850B1A9716A6320200619C3C /* LOXSpineViewController.mm in Sources */ = {isa = PBXBuildFile; fileRef = 850B1A9416A6320200619C3C /* LOXSpineViewController.mm */; };
		850B1A9816A6320200619C3C /* LOXWebViewController.mm in Sources */ = {isa = PBXBuildFile; fileRef = 850B1A9616A6320200619C3C /* LOXWebViewController.mm */; };
		855CFDB61696200B00AD311E /* WebKit.framework in Frameworks */ = {isa = PBXBuildFile; fileRef = 855CFDB51696200B00AD311E /* WebKit.framework */; };
		855CFE45169B8FFE00AD311E /* LOXePubApi.mm in Sources */ = {isa = PBXBuildFile; fileRef = 855CFE44169B8FFE00AD311E /* LOXePubApi.mm */; };
		855CFE4B169B912300AD311E /* LOXePubSdkApi.mm in Sources */ = {isa = PBXBuildFile; fileRef = 855CFE4A169B912300AD311E /* LOXePubSdkApi.mm */; };
		855CFE4E169B915400AD311E /* LOXePubCocoaApi.mm in Sources */ = {isa = PBXBuildFile; fileRef = 855CFE4D169B915300AD311E /* LOXePubCocoaApi.mm */; };
		855CFE52169CA95A00AD311E /* LOXPackage.m in Sources */ = {isa = PBXBuildFile; fileRef = 855CFE51169CA95A00AD311E /* LOXPackage.m */; };
		855CFE55169CAE6400AD311E /* LOXManifestItem.m in Sources */ = {isa = PBXBuildFile; fileRef = 855CFE54169CAE6400AD311E /* LOXManifestItem.m */; };
		855CFE91169CD64E00AD311E /* LOXeBook.m in Sources */ = {isa = PBXBuildFile; fileRef = 855CFE90169CD64D00AD311E /* LOXeBook.m */; };
		855CFEE8169DFA3E00AD311E /* libz.dylib in Frameworks */ = {isa = PBXBuildFile; fileRef = 855CFEE7169DFA3D00AD311E /* libz.dylib */; };
		855CFEEC169E2FE700AD311E /* LOXPackageParser.m in Sources */ = {isa = PBXBuildFile; fileRef = 855CFEEB169E2FE700AD311E /* LOXPackageParser.m */; };
		8597D61216824655000FAAAF /* Cocoa.framework in Frameworks */ = {isa = PBXBuildFile; fileRef = 8597D61116824655000FAAAF /* Cocoa.framework */; };
		8597D61C16824655000FAAAF /* InfoPlist.strings in Resources */ = {isa = PBXBuildFile; fileRef = 8597D61A16824655000FAAAF /* InfoPlist.strings */; };
		8597D61E16824655000FAAAF /* main.m in Sources */ = {isa = PBXBuildFile; fileRef = 8597D61D16824655000FAAAF /* main.m */; };
		8597D62216824655000FAAAF /* Credits.rtf in Resources */ = {isa = PBXBuildFile; fileRef = 8597D62016824655000FAAAF /* Credits.rtf */; };
		8597D62516824655000FAAAF /* LOXAppDelegate.mm in Sources */ = {isa = PBXBuildFile; fileRef = 8597D62416824655000FAAAF /* LOXAppDelegate.mm */; };
		8597D62816824656000FAAAF /* MainMenu.xib in Resources */ = {isa = PBXBuildFile; fileRef = 8597D62616824656000FAAAF /* MainMenu.xib */; };
		85A445F016AA140500D44B94 /* Scripts in Resources */ = {isa = PBXBuildFile; fileRef = AD8C8A485ADB3654ADA78118 /* Scripts */; };
		AD8C8209025531709C1E6500 /* LOXScriptInjector.m in Sources */ = {isa = PBXBuildFile; fileRef = AD8C89ED0BA9060B6258F820 /* LOXScriptInjector.m */; };
		AD8C8AAAEB9F47040E6F40A1 /* LOXSpineItem.m in Sources */ = {isa = PBXBuildFile; fileRef = AD8C806A657AFBE16755E89D /* LOXSpineItem.m */; };
		AD8C8D5755417C9A48FCB142 /* LOXContainerParser.m in Sources */ = {isa = PBXBuildFile; fileRef = AD8C83FAEEFC15D05F00ABAC /* LOXContainerParser.m */; };
/* End PBXBuildFile section */

/* Begin PBXFileReference section */
		850B1A5816A61F9900619C3C /* libObjective-Zip.a */ = {isa = PBXFileReference; lastKnownFileType = archive.ar; path = "libObjective-Zip.a"; sourceTree = BUILT_PRODUCTS_DIR; };
		850B1A5A16A61FB900619C3C /* ePub3.dylib */ = {isa = PBXFileReference; lastKnownFileType = "compiled.mach-o.dylib"; path = ePub3.dylib; sourceTree = BUILT_PRODUCTS_DIR; };
		850B1A8C16A631E800619C3C /* LOXUtil.h */ = {isa = PBXFileReference; fileEncoding = 4; lastKnownFileType = sourcecode.c.h; path = LOXUtil.h; sourceTree = "<group>"; };
		850B1A8D16A631E800619C3C /* LOXUtil.m */ = {isa = PBXFileReference; fileEncoding = 4; lastKnownFileType = sourcecode.c.objc; path = LOXUtil.m; sourceTree = "<group>"; };
		850B1A8E16A631E800619C3C /* LOXZipHelper.h */ = {isa = PBXFileReference; fileEncoding = 4; lastKnownFileType = sourcecode.c.h; path = LOXZipHelper.h; sourceTree = "<group>"; };
		850B1A8F16A631E800619C3C /* LOXZipHelper.m */ = {isa = PBXFileReference; fileEncoding = 4; lastKnownFileType = sourcecode.c.objc; path = LOXZipHelper.m; sourceTree = "<group>"; };
		850B1A9316A6320200619C3C /* LOXSpineViewController.h */ = {isa = PBXFileReference; fileEncoding = 4; lastKnownFileType = sourcecode.c.h; path = LOXSpineViewController.h; sourceTree = "<group>"; };
		850B1A9416A6320200619C3C /* LOXSpineViewController.mm */ = {isa = PBXFileReference; fileEncoding = 4; lastKnownFileType = sourcecode.cpp.objcpp; path = LOXSpineViewController.mm; sourceTree = "<group>"; };
		850B1A9516A6320200619C3C /* LOXWebViewController.h */ = {isa = PBXFileReference; fileEncoding = 4; lastKnownFileType = sourcecode.c.h; path = LOXWebViewController.h; sourceTree = "<group>"; };
		850B1A9616A6320200619C3C /* LOXWebViewController.mm */ = {isa = PBXFileReference; fileEncoding = 4; lastKnownFileType = sourcecode.cpp.objcpp; path = LOXWebViewController.mm; sourceTree = "<group>"; };
		855CFDB51696200B00AD311E /* WebKit.framework */ = {isa = PBXFileReference; lastKnownFileType = wrapper.framework; name = WebKit.framework; path = System/Library/Frameworks/WebKit.framework; sourceTree = SDKROOT; };
		855CFE43169B8FFE00AD311E /* LOXePubApi.h */ = {isa = PBXFileReference; fileEncoding = 4; lastKnownFileType = sourcecode.c.h; path = LOXePubApi.h; sourceTree = "<group>"; };
		855CFE44169B8FFE00AD311E /* LOXePubApi.mm */ = {isa = PBXFileReference; fileEncoding = 4; lastKnownFileType = sourcecode.cpp.objcpp; path = LOXePubApi.mm; sourceTree = "<group>"; };
		855CFE49169B912300AD311E /* LOXePubSdkApi.h */ = {isa = PBXFileReference; fileEncoding = 4; lastKnownFileType = sourcecode.c.h; path = LOXePubSdkApi.h; sourceTree = "<group>"; };
		855CFE4A169B912300AD311E /* LOXePubSdkApi.mm */ = {isa = PBXFileReference; fileEncoding = 4; lastKnownFileType = sourcecode.cpp.objcpp; path = LOXePubSdkApi.mm; sourceTree = "<group>"; };
		855CFE4C169B915300AD311E /* LOXePubCocoaApi.h */ = {isa = PBXFileReference; fileEncoding = 4; lastKnownFileType = sourcecode.c.h; path = LOXePubCocoaApi.h; sourceTree = "<group>"; };
		855CFE4D169B915300AD311E /* LOXePubCocoaApi.mm */ = {isa = PBXFileReference; fileEncoding = 4; lastKnownFileType = sourcecode.cpp.objcpp; path = LOXePubCocoaApi.mm; sourceTree = "<group>"; };
		855CFE50169CA95A00AD311E /* LOXPackage.h */ = {isa = PBXFileReference; fileEncoding = 4; lastKnownFileType = sourcecode.c.h; path = LOXPackage.h; sourceTree = "<group>"; };
		855CFE51169CA95A00AD311E /* LOXPackage.m */ = {isa = PBXFileReference; fileEncoding = 4; lastKnownFileType = sourcecode.c.objc; path = LOXPackage.m; sourceTree = "<group>"; };
		855CFE53169CAE6300AD311E /* LOXManifestItem.h */ = {isa = PBXFileReference; fileEncoding = 4; lastKnownFileType = sourcecode.c.h; path = LOXManifestItem.h; sourceTree = "<group>"; };
		855CFE54169CAE6400AD311E /* LOXManifestItem.m */ = {isa = PBXFileReference; fileEncoding = 4; lastKnownFileType = sourcecode.c.objc; path = LOXManifestItem.m; sourceTree = "<group>"; };
		855CFE8F169CD64D00AD311E /* LOXeBook.h */ = {isa = PBXFileReference; fileEncoding = 4; lastKnownFileType = sourcecode.c.h; path = LOXeBook.h; sourceTree = "<group>"; };
		855CFE90169CD64D00AD311E /* LOXeBook.m */ = {isa = PBXFileReference; fileEncoding = 4; lastKnownFileType = sourcecode.c.objc; path = LOXeBook.m; sourceTree = "<group>"; };
		855CFEE7169DFA3D00AD311E /* libz.dylib */ = {isa = PBXFileReference; lastKnownFileType = "compiled.mach-o.dylib"; name = libz.dylib; path = usr/lib/libz.dylib; sourceTree = SDKROOT; };
		855CFEEA169E2FE700AD311E /* LOXPackageParser.h */ = {isa = PBXFileReference; fileEncoding = 4; lastKnownFileType = sourcecode.c.h; path = LOXPackageParser.h; sourceTree = "<group>"; };
		855CFEEB169E2FE700AD311E /* LOXPackageParser.m */ = {isa = PBXFileReference; fileEncoding = 4; lastKnownFileType = sourcecode.c.objc; path = LOXPackageParser.m; sourceTree = "<group>"; };
		8597D60D16824655000FAAAF /* LauncherOSX.app */ = {isa = PBXFileReference; explicitFileType = wrapper.application; includeInIndex = 0; path = LauncherOSX.app; sourceTree = BUILT_PRODUCTS_DIR; };
		8597D61116824655000FAAAF /* Cocoa.framework */ = {isa = PBXFileReference; lastKnownFileType = wrapper.framework; name = Cocoa.framework; path = System/Library/Frameworks/Cocoa.framework; sourceTree = SDKROOT; };
		8597D61416824655000FAAAF /* AppKit.framework */ = {isa = PBXFileReference; lastKnownFileType = wrapper.framework; name = AppKit.framework; path = System/Library/Frameworks/AppKit.framework; sourceTree = SDKROOT; };
		8597D61516824655000FAAAF /* CoreData.framework */ = {isa = PBXFileReference; lastKnownFileType = wrapper.framework; name = CoreData.framework; path = System/Library/Frameworks/CoreData.framework; sourceTree = SDKROOT; };
		8597D61616824655000FAAAF /* Foundation.framework */ = {isa = PBXFileReference; lastKnownFileType = wrapper.framework; name = Foundation.framework; path = System/Library/Frameworks/Foundation.framework; sourceTree = SDKROOT; };
		8597D61916824655000FAAAF /* LauncherOSX-Info.plist */ = {isa = PBXFileReference; lastKnownFileType = text.plist.xml; path = "LauncherOSX-Info.plist"; sourceTree = "<group>"; };
		8597D61B16824655000FAAAF /* en */ = {isa = PBXFileReference; lastKnownFileType = text.plist.strings; name = en; path = en.lproj/InfoPlist.strings; sourceTree = "<group>"; };
		8597D61D16824655000FAAAF /* main.m */ = {isa = PBXFileReference; lastKnownFileType = sourcecode.c.objc; path = main.m; sourceTree = "<group>"; };
		8597D61F16824655000FAAAF /* LauncherOSX-Prefix.pch */ = {isa = PBXFileReference; lastKnownFileType = sourcecode.c.h; path = "LauncherOSX-Prefix.pch"; sourceTree = "<group>"; };
		8597D62116824655000FAAAF /* en */ = {isa = PBXFileReference; lastKnownFileType = text.rtf; name = en; path = en.lproj/Credits.rtf; sourceTree = "<group>"; };
		8597D62316824655000FAAAF /* LOXAppDelegate.h */ = {isa = PBXFileReference; lastKnownFileType = sourcecode.c.h; path = LOXAppDelegate.h; sourceTree = "<group>"; };
		8597D62416824655000FAAAF /* LOXAppDelegate.mm */ = {isa = PBXFileReference; lastKnownFileType = sourcecode.cpp.objcpp; path = LOXAppDelegate.mm; sourceTree = "<group>"; };
		8597D62716824656000FAAAF /* en */ = {isa = PBXFileReference; lastKnownFileType = file.xib; name = en; path = en.lproj/MainMenu.xib; sourceTree = "<group>"; };
		AD8C802E665A730551CBEDB3 /* LOXSpineItem.h */ = {isa = PBXFileReference; fileEncoding = 4; lastKnownFileType = sourcecode.c.h; path = LOXSpineItem.h; sourceTree = "<group>"; };
		AD8C806A657AFBE16755E89D /* LOXSpineItem.m */ = {isa = PBXFileReference; fileEncoding = 4; lastKnownFileType = sourcecode.c.objc; path = LOXSpineItem.m; sourceTree = "<group>"; };
		AD8C83FAEEFC15D05F00ABAC /* LOXContainerParser.m */ = {isa = PBXFileReference; fileEncoding = 4; lastKnownFileType = sourcecode.c.objc; path = LOXContainerParser.m; sourceTree = "<group>"; };
		AD8C8424D0D4956CC7F32F4B /* LOXContainerParser.h */ = {isa = PBXFileReference; fileEncoding = 4; lastKnownFileType = sourcecode.c.h; path = LOXContainerParser.h; sourceTree = "<group>"; };
		AD8C85A9715FB6D3FCFDD25F /* LOXScriptInjector.h */ = {isa = PBXFileReference; fileEncoding = 4; lastKnownFileType = sourcecode.c.h; path = LOXScriptInjector.h; sourceTree = "<group>"; };
		AD8C89ED0BA9060B6258F820 /* LOXScriptInjector.m */ = {isa = PBXFileReference; fileEncoding = 4; lastKnownFileType = sourcecode.c.objc; path = LOXScriptInjector.m; sourceTree = "<group>"; };
		AD8C8A485ADB3654ADA78118 /* Scripts */ = {isa = PBXFileReference; fileEncoding = 4; lastKnownFileType = folder; path = Scripts; sourceTree = "<group>"; };
/* End PBXFileReference section */

/* Begin PBXFrameworksBuildPhase section */
		8597D60A16824655000FAAAF /* Frameworks */ = {
			isa = PBXFrameworksBuildPhase;
			buildActionMask = 2147483647;
			files = (
				850B1A5B16A61FB900619C3C /* ePub3.dylib in Frameworks */,
				850B1A5916A61F9900619C3C /* libObjective-Zip.a in Frameworks */,
				855CFEE8169DFA3E00AD311E /* libz.dylib in Frameworks */,
				855CFDB61696200B00AD311E /* WebKit.framework in Frameworks */,
				8597D61216824655000FAAAF /* Cocoa.framework in Frameworks */,
			);
			runOnlyForDeploymentPostprocessing = 0;
		};
/* End PBXFrameworksBuildPhase section */

/* Begin PBXGroup section */
		855CFE48169B907700AD311E /* ePubApi */ = {
			isa = PBXGroup;
			children = (
				855CFE43169B8FFE00AD311E /* LOXePubApi.h */,
				855CFE44169B8FFE00AD311E /* LOXePubApi.mm */,
				AD8C84BC94B0A2B582CFFFD4 /* CocoaApi */,
				AD8C8C165CD8EBCC0E30AE2F /* SdkApi */,
			);
			name = ePubApi;
			sourceTree = "<group>";
		};
		855CFE4F169CA90600AD311E /* Model */ = {
			isa = PBXGroup;
			children = (
				855CFE50169CA95A00AD311E /* LOXPackage.h */,
				855CFE51169CA95A00AD311E /* LOXPackage.m */,
				855CFE53169CAE6300AD311E /* LOXManifestItem.h */,
				855CFE54169CAE6400AD311E /* LOXManifestItem.m */,
				AD8C806A657AFBE16755E89D /* LOXSpineItem.m */,
				AD8C802E665A730551CBEDB3 /* LOXSpineItem.h */,
			);
			name = Model;
			sourceTree = "<group>";
		};
		855CFEE9169E2FAE00AD311E /* Parsers */ = {
			isa = PBXGroup;
			children = (
				855CFEEA169E2FE700AD311E /* LOXPackageParser.h */,
				855CFEEB169E2FE700AD311E /* LOXPackageParser.m */,
				AD8C83FAEEFC15D05F00ABAC /* LOXContainerParser.m */,
				AD8C8424D0D4956CC7F32F4B /* LOXContainerParser.h */,
			);
			name = Parsers;
			sourceTree = "<group>";
		};
		8597D60216824655000FAAAF = {
			isa = PBXGroup;
			children = (
				850B1A5A16A61FB900619C3C /* ePub3.dylib */,
				850B1A5816A61F9900619C3C /* libObjective-Zip.a */,
				855CFEE7169DFA3D00AD311E /* libz.dylib */,
				855CFDB51696200B00AD311E /* WebKit.framework */,
				8597D61716824655000FAAAF /* LauncherOSX */,
				8597D61016824655000FAAAF /* Frameworks */,
				8597D60E16824655000FAAAF /* Products */,
				AD8C8A485ADB3654ADA78118 /* Scripts */,
			);
			sourceTree = "<group>";
		};
		8597D60E16824655000FAAAF /* Products */ = {
			isa = PBXGroup;
			children = (
				8597D60D16824655000FAAAF /* LauncherOSX.app */,
			);
			name = Products;
			sourceTree = "<group>";
		};
		8597D61016824655000FAAAF /* Frameworks */ = {
			isa = PBXGroup;
			children = (
				8597D61116824655000FAAAF /* Cocoa.framework */,
				8597D61316824655000FAAAF /* Other Frameworks */,
			);
			name = Frameworks;
			sourceTree = "<group>";
		};
		8597D61316824655000FAAAF /* Other Frameworks */ = {
			isa = PBXGroup;
			children = (
				8597D61416824655000FAAAF /* AppKit.framework */,
				8597D61516824655000FAAAF /* CoreData.framework */,
				8597D61616824655000FAAAF /* Foundation.framework */,
			);
			name = "Other Frameworks";
			sourceTree = "<group>";
		};
		8597D61716824655000FAAAF /* LauncherOSX */ = {
			isa = PBXGroup;
			children = (
				855CFEE9169E2FAE00AD311E /* Parsers */,
				855CFE4F169CA90600AD311E /* Model */,
				855CFE48169B907700AD311E /* ePubApi */,
				8597D62316824655000FAAAF /* LOXAppDelegate.h */,
				8597D62416824655000FAAAF /* LOXAppDelegate.mm */,
				8597D62616824656000FAAAF /* MainMenu.xib */,
				8597D61816824655000FAAAF /* Supporting Files */,
				AD8C835D54F353C175EF63D8 /* Utils */,
				AD8C872729A8092A25A2BAE4 /* ViewControllers */,
			);
			path = LauncherOSX;
			sourceTree = "<group>";
		};
		8597D61816824655000FAAAF /* Supporting Files */ = {
			isa = PBXGroup;
			children = (
				8597D61916824655000FAAAF /* LauncherOSX-Info.plist */,
				8597D61A16824655000FAAAF /* InfoPlist.strings */,
				8597D61D16824655000FAAAF /* main.m */,
				8597D61F16824655000FAAAF /* LauncherOSX-Prefix.pch */,
				8597D62016824655000FAAAF /* Credits.rtf */,
			);
			name = "Supporting Files";
			sourceTree = "<group>";
		};
		AD8C835D54F353C175EF63D8 /* Utils */ = {
			isa = PBXGroup;
			children = (
				850B1A8C16A631E800619C3C /* LOXUtil.h */,
				850B1A8D16A631E800619C3C /* LOXUtil.m */,
				850B1A8E16A631E800619C3C /* LOXZipHelper.h */,
				850B1A8F16A631E800619C3C /* LOXZipHelper.m */,
				AD8C89ED0BA9060B6258F820 /* LOXScriptInjector.m */,
				AD8C85A9715FB6D3FCFDD25F /* LOXScriptInjector.h */,
			);
			name = Utils;
			sourceTree = "<group>";
		};
		AD8C84BC94B0A2B582CFFFD4 /* CocoaApi */ = {
			isa = PBXGroup;
			children = (
				855CFE4C169B915300AD311E /* LOXePubCocoaApi.h */,
				855CFE4D169B915300AD311E /* LOXePubCocoaApi.mm */,
				855CFE8F169CD64D00AD311E /* LOXeBook.h */,
				855CFE90169CD64D00AD311E /* LOXeBook.m */,
			);
			name = CocoaApi;
			sourceTree = "<group>";
		};
		AD8C872729A8092A25A2BAE4 /* ViewControllers */ = {
			isa = PBXGroup;
			children = (
				850B1A9316A6320200619C3C /* LOXSpineViewController.h */,
				850B1A9416A6320200619C3C /* LOXSpineViewController.mm */,
				850B1A9516A6320200619C3C /* LOXWebViewController.h */,
				850B1A9616A6320200619C3C /* LOXWebViewController.mm */,
			);
			name = ViewControllers;
			sourceTree = "<group>";
		};
		AD8C8C165CD8EBCC0E30AE2F /* SdkApi */ = {
			isa = PBXGroup;
			children = (
				855CFE49169B912300AD311E /* LOXePubSdkApi.h */,
				855CFE4A169B912300AD311E /* LOXePubSdkApi.mm */,
			);
			name = SdkApi;
			sourceTree = "<group>";
		};
/* End PBXGroup section */

/* Begin PBXNativeTarget section */
		8597D60C16824655000FAAAF /* LauncherOSX */ = {
			isa = PBXNativeTarget;
			buildConfigurationList = 8597D62B16824656000FAAAF /* Build configuration list for PBXNativeTarget "LauncherOSX" */;
			buildPhases = (
				8597D60916824655000FAAAF /* Sources */,
				8597D60A16824655000FAAAF /* Frameworks */,
				8597D60B16824655000FAAAF /* Resources */,
			);
			buildRules = (
			);
			dependencies = (
			);
			name = LauncherOSX;
			productName = LauncherOSX;
			productReference = 8597D60D16824655000FAAAF /* LauncherOSX.app */;
			productType = "com.apple.product-type.application";
		};
/* End PBXNativeTarget section */

/* Begin PBXProject section */
		8597D60416824655000FAAAF /* Project object */ = {
			isa = PBXProject;
			attributes = {
				LastUpgradeCheck = 0450;
				ORGANIZATIONNAME = "Boris Schneiderman";
			};
			buildConfigurationList = 8597D60716824655000FAAAF /* Build configuration list for PBXProject "LauncherOSX" */;
			compatibilityVersion = "Xcode 3.2";
			developmentRegion = English;
			hasScannedForEncodings = 0;
			knownRegions = (
				en,
			);
			mainGroup = 8597D60216824655000FAAAF;
			productRefGroup = 8597D60E16824655000FAAAF /* Products */;
			projectDirPath = "";
			projectRoot = "";
			targets = (
				8597D60C16824655000FAAAF /* LauncherOSX */,
			);
		};
/* End PBXProject section */

/* Begin PBXResourcesBuildPhase section */
		8597D60B16824655000FAAAF /* Resources */ = {
			isa = PBXResourcesBuildPhase;
			buildActionMask = 2147483647;
			files = (
				8597D61C16824655000FAAAF /* InfoPlist.strings in Resources */,
				8597D62216824655000FAAAF /* Credits.rtf in Resources */,
				8597D62816824656000FAAAF /* MainMenu.xib in Resources */,
				85A445F016AA140500D44B94 /* Scripts in Resources */,
			);
			runOnlyForDeploymentPostprocessing = 0;
		};
/* End PBXResourcesBuildPhase section */

/* Begin PBXSourcesBuildPhase section */
		8597D60916824655000FAAAF /* Sources */ = {
			isa = PBXSourcesBuildPhase;
			buildActionMask = 2147483647;
			files = (
				8597D61E16824655000FAAAF /* main.m in Sources */,
				8597D62516824655000FAAAF /* LOXAppDelegate.mm in Sources */,
				855CFE45169B8FFE00AD311E /* LOXePubApi.mm in Sources */,
				855CFE4B169B912300AD311E /* LOXePubSdkApi.mm in Sources */,
				855CFE4E169B915400AD311E /* LOXePubCocoaApi.mm in Sources */,
				855CFE52169CA95A00AD311E /* LOXPackage.m in Sources */,
				855CFE55169CAE6400AD311E /* LOXManifestItem.m in Sources */,
				855CFE91169CD64E00AD311E /* LOXeBook.m in Sources */,
				855CFEEC169E2FE700AD311E /* LOXPackageParser.m in Sources */,
				AD8C8D5755417C9A48FCB142 /* LOXContainerParser.m in Sources */,
				AD8C8AAAEB9F47040E6F40A1 /* LOXSpineItem.m in Sources */,
				850B1A9016A631E800619C3C /* LOXUtil.m in Sources */,
				850B1A9116A631E800619C3C /* LOXZipHelper.m in Sources */,
				850B1A9716A6320200619C3C /* LOXSpineViewController.mm in Sources */,
				850B1A9816A6320200619C3C /* LOXWebViewController.mm in Sources */,
				AD8C8209025531709C1E6500 /* LOXScriptInjector.m in Sources */,
			);
			runOnlyForDeploymentPostprocessing = 0;
		};
/* End PBXSourcesBuildPhase section */

/* Begin PBXVariantGroup section */
		8597D61A16824655000FAAAF /* InfoPlist.strings */ = {
			isa = PBXVariantGroup;
			children = (
				8597D61B16824655000FAAAF /* en */,
			);
			name = InfoPlist.strings;
			sourceTree = "<group>";
		};
		8597D62016824655000FAAAF /* Credits.rtf */ = {
			isa = PBXVariantGroup;
			children = (
				8597D62116824655000FAAAF /* en */,
			);
			name = Credits.rtf;
			sourceTree = "<group>";
		};
		8597D62616824656000FAAAF /* MainMenu.xib */ = {
			isa = PBXVariantGroup;
			children = (
				8597D62716824656000FAAAF /* en */,
			);
			name = MainMenu.xib;
			sourceTree = "<group>";
		};
/* End PBXVariantGroup section */

/* Begin XCBuildConfiguration section */
		8597D62916824656000FAAAF /* Debug */ = {
			isa = XCBuildConfiguration;
			buildSettings = {
				ALWAYS_SEARCH_USER_PATHS = NO;
				ARCHS = "$(ARCHS_STANDARD_64_BIT)";
				CLANG_CXX_LANGUAGE_STANDARD = "gnu++0x";
				CLANG_CXX_LIBRARY = "libc++";
				CLANG_WARN_EMPTY_BODY = YES;
				CLANG_WARN__DUPLICATE_METHOD_MATCH = YES;
				COPY_PHASE_STRIP = NO;
				GCC_C_LANGUAGE_STANDARD = gnu99;
				GCC_DYNAMIC_NO_PIC = NO;
				GCC_ENABLE_OBJC_EXCEPTIONS = YES;
				GCC_OPTIMIZATION_LEVEL = 0;
				GCC_PREPROCESSOR_DEFINITIONS = (
					"DEBUG=1",
					"$(inherited)",
				);
				GCC_SYMBOLS_PRIVATE_EXTERN = NO;
				GCC_WARN_64_TO_32_BIT_CONVERSION = YES;
				GCC_WARN_ABOUT_RETURN_TYPE = YES;
				GCC_WARN_UNINITIALIZED_AUTOS = YES;
				GCC_WARN_UNUSED_VARIABLE = YES;
				MACOSX_DEPLOYMENT_TARGET = 10.8;
				ONLY_ACTIVE_ARCH = YES;
				SDKROOT = macosx;
			};
			name = Debug;
		};
		8597D62A16824656000FAAAF /* Release */ = {
			isa = XCBuildConfiguration;
			buildSettings = {
				ALWAYS_SEARCH_USER_PATHS = NO;
				ARCHS = "$(ARCHS_STANDARD_64_BIT)";
				CLANG_CXX_LANGUAGE_STANDARD = "gnu++0x";
				CLANG_CXX_LIBRARY = "libc++";
				CLANG_WARN_EMPTY_BODY = YES;
				CLANG_WARN__DUPLICATE_METHOD_MATCH = YES;
				COPY_PHASE_STRIP = YES;
				DEBUG_INFORMATION_FORMAT = "dwarf-with-dsym";
				GCC_C_LANGUAGE_STANDARD = gnu99;
				GCC_ENABLE_OBJC_EXCEPTIONS = YES;
				GCC_WARN_64_TO_32_BIT_CONVERSION = YES;
				GCC_WARN_ABOUT_RETURN_TYPE = YES;
				GCC_WARN_UNINITIALIZED_AUTOS = YES;
				GCC_WARN_UNUSED_VARIABLE = YES;
				MACOSX_DEPLOYMENT_TARGET = 10.8;
				SDKROOT = macosx;
			};
			name = Release;
		};
		8597D62C16824656000FAAAF /* Debug */ = {
			isa = XCBuildConfiguration;
			buildSettings = {
				COMBINE_HIDPI_IMAGES = YES;
				DEBUG_INFORMATION_FORMAT = "dwarf-with-dsym";
				GCC_PRECOMPILE_PREFIX_HEADER = YES;
				GCC_PREFIX_HEADER = "LauncherOSX/LauncherOSX-Prefix.pch";
				HEADER_SEARCH_PATHS = (
					"readium-sdk/ePub3/ePub/**",
					"${SDKROOT}/usr/include/libxml2",
					"Objective-Zip/**",
				);
				INFOPLIST_FILE = "LauncherOSX/LauncherOSX-Info.plist";
				LIBRARY_SEARCH_PATHS = (
					"$(inherited)",
					"\"$(SRCROOT)/../../../../Library/Developer/Xcode/DerivedData/ePub3-byaiqywcvttpmifysmkntldebyfg/Build/Products/Debug\"",
					"\"$(SRCROOT)/../../../../Library/Developer/Xcode/DerivedData/LauncherOSX-abvkivrtyrpjkjdrccdtasetoxem/Build/Products/Debug\"",
				);
				PRODUCT_NAME = "$(TARGET_NAME)";
				WRAPPER_EXTENSION = app;
			};
			name = Debug;
		};
		8597D62D16824656000FAAAF /* Release */ = {
			isa = XCBuildConfiguration;
			buildSettings = {
				COMBINE_HIDPI_IMAGES = YES;
				GCC_PRECOMPILE_PREFIX_HEADER = YES;
				GCC_PREFIX_HEADER = "LauncherOSX/LauncherOSX-Prefix.pch";
				HEADER_SEARCH_PATHS = (
					"readium-sdk/ePub3/ePub/**",
					"${SDKROOT}/usr/include/libxml2",
					"Objective-Zip/**",
				);
				INFOPLIST_FILE = "LauncherOSX/LauncherOSX-Info.plist";
				LIBRARY_SEARCH_PATHS = (
					"$(inherited)",
					"\"$(SRCROOT)/../../../../Library/Developer/Xcode/DerivedData/ePub3-byaiqywcvttpmifysmkntldebyfg/Build/Products/Debug\"",
					"\"$(SRCROOT)/../../../../Library/Developer/Xcode/DerivedData/LauncherOSX-abvkivrtyrpjkjdrccdtasetoxem/Build/Products/Debug\"",
				);
				PRODUCT_NAME = "$(TARGET_NAME)";
				WRAPPER_EXTENSION = app;
			};
			name = Release;
		};
/* End XCBuildConfiguration section */

/* Begin XCConfigurationList section */
		8597D60716824655000FAAAF /* Build configuration list for PBXProject "LauncherOSX" */ = {
			isa = XCConfigurationList;
			buildConfigurations = (
				8597D62916824656000FAAAF /* Debug */,
				8597D62A16824656000FAAAF /* Release */,
			);
			defaultConfigurationIsVisible = 0;
			defaultConfigurationName = Release;
		};
		8597D62B16824656000FAAAF /* Build configuration list for PBXNativeTarget "LauncherOSX" */ = {
			isa = XCConfigurationList;
			buildConfigurations = (
				8597D62C16824656000FAAAF /* Debug */,
				8597D62D16824656000FAAAF /* Release */,
			);
			defaultConfigurationIsVisible = 0;
			defaultConfigurationName = Release;
		};
/* End XCConfigurationList section */
	};
	rootObject = 8597D60416824655000FAAAF /* Project object */;
}
